// !$*UTF8*$!
{
	archiveVersion = 1;
	classes = {
	};
	objectVersion = 46;
	objects = {

/* Begin PBXBuildFile section */
		7683ED761A8134B0005EC836 /* main.m in Sources */ = {isa = PBXBuildFile; fileRef = 7683ED751A8134B0005EC836 /* main.m */; };
		7683ED791A8134B0005EC836 /* AppDelegate.m in Sources */ = {isa = PBXBuildFile; fileRef = 7683ED781A8134B0005EC836 /* AppDelegate.m */; };
		7683ED7C1A8134B0005EC836 /* ViewController.m in Sources */ = {isa = PBXBuildFile; fileRef = 7683ED7B1A8134B0005EC836 /* ViewController.m */; };
		7683ED811A8134B0005EC836 /* Images.xcassets in Resources */ = {isa = PBXBuildFile; fileRef = 7683ED801A8134B0005EC836 /* Images.xcassets */; };
		7683ED901A8134B0005EC836 /* sweetRollTests.m in Sources */ = {isa = PBXBuildFile; fileRef = 7683ED8F1A8134B0005EC836 /* sweetRollTests.m */; };
		76F7EB7D1AB7A2B500F841CC /* Main.storyboard in Resources */ = {isa = PBXBuildFile; fileRef = 76F7EB781AB7A2B500F841CC /* Main.storyboard */; };
		76F7EB7E1AB7A2B500F841CC /* sweetRoll@3x.png in Resources */ = {isa = PBXBuildFile; fileRef = 76F7EB791AB7A2B500F841CC /* sweetRoll@3x.png */; };
		76F7EB7F1AB7A2B500F841CC /* sweetRoll@2x.png in Resources */ = {isa = PBXBuildFile; fileRef = 76F7EB7A1AB7A2B500F841CC /* sweetRoll@2x.png */; };
		76F7EB801AB7A2B500F841CC /* numbersForGamersViewController.m in Sources */ = {isa = PBXBuildFile; fileRef = 76F7EB7B1AB7A2B500F841CC /* numbersForGamersViewController.m */; };
		76F7EBE91AB8933D00F841CC /* LaunchScreen.xib in Resources */ = {isa = PBXBuildFile; fileRef = 76F7EBE81AB8933D00F841CC /* LaunchScreen.xib */; };
/* End PBXBuildFile section */

/* Begin PBXContainerItemProxy section */
		7683ED8A1A8134B0005EC836 /* PBXContainerItemProxy */ = {
			isa = PBXContainerItemProxy;
			containerPortal = 7683ED681A8134AF005EC836 /* Project object */;
			proxyType = 1;
			remoteGlobalIDString = 7683ED6F1A8134B0005EC836;
			remoteInfo = sweetRoll;
		};
/* End PBXContainerItemProxy section */

/* Begin PBXFileReference section */
		7683ED701A8134B0005EC836 /* Parse Team.app */ = {isa = PBXFileReference; explicitFileType = wrapper.application; includeInIndex = 0; path = "Parse Team.app"; sourceTree = BUILT_PRODUCTS_DIR; };
		7683ED741A8134B0005EC836 /* Info.plist */ = {isa = PBXFileReference; lastKnownFileType = text.plist.xml; path = Info.plist; sourceTree = "<group>"; };
		7683ED751A8134B0005EC836 /* main.m */ = {isa = PBXFileReference; lastKnownFileType = sourcecode.c.objc; path = main.m; sourceTree = "<group>"; };
		7683ED771A8134B0005EC836 /* AppDelegate.h */ = {isa = PBXFileReference; lastKnownFileType = sourcecode.c.h; path = AppDelegate.h; sourceTree = "<group>"; };
		7683ED781A8134B0005EC836 /* AppDelegate.m */ = {isa = PBXFileReference; lastKnownFileType = sourcecode.c.objc; path = AppDelegate.m; sourceTree = "<group>"; };
		7683ED7A1A8134B0005EC836 /* ViewController.h */ = {isa = PBXFileReference; lastKnownFileType = sourcecode.c.h; path = ViewController.h; sourceTree = "<group>"; };
		7683ED7B1A8134B0005EC836 /* ViewController.m */ = {isa = PBXFileReference; lastKnownFileType = sourcecode.c.objc; path = ViewController.m; sourceTree = "<group>"; };
		7683ED801A8134B0005EC836 /* Images.xcassets */ = {isa = PBXFileReference; lastKnownFileType = folder.assetcatalog; path = Images.xcassets; sourceTree = "<group>"; };
		7683ED891A8134B0005EC836 /* Parse Team.xctest */ = {isa = PBXFileReference; explicitFileType = wrapper.cfbundle; includeInIndex = 0; path = "Parse Team.xctest"; sourceTree = BUILT_PRODUCTS_DIR; };
		7683ED8E1A8134B0005EC836 /* Info.plist */ = {isa = PBXFileReference; lastKnownFileType = text.plist.xml; path = Info.plist; sourceTree = "<group>"; };
		7683ED8F1A8134B0005EC836 /* sweetRollTests.m */ = {isa = PBXFileReference; lastKnownFileType = sourcecode.c.objc; path = sweetRollTests.m; sourceTree = "<group>"; };
		76F7EB781AB7A2B500F841CC /* Main.storyboard */ = {isa = PBXFileReference; fileEncoding = 4; lastKnownFileType = file.storyboard; path = Main.storyboard; sourceTree = "<group>"; };
		76F7EB791AB7A2B500F841CC /* sweetRoll@3x.png */ = {isa = PBXFileReference; lastKnownFileType = image.png; path = "sweetRoll@3x.png"; sourceTree = "<group>"; };
		76F7EB7A1AB7A2B500F841CC /* sweetRoll@2x.png */ = {isa = PBXFileReference; lastKnownFileType = image.png; path = "sweetRoll@2x.png"; sourceTree = "<group>"; };
		76F7EB7B1AB7A2B500F841CC /* numbersForGamersViewController.m */ = {isa = PBXFileReference; fileEncoding = 4; lastKnownFileType = sourcecode.c.objc; path = numbersForGamersViewController.m; sourceTree = "<group>"; };
		76F7EB7C1AB7A2B500F841CC /* numbersForGamersViewController.h */ = {isa = PBXFileReference; fileEncoding = 4; lastKnownFileType = sourcecode.c.h; path = numbersForGamersViewController.h; sourceTree = "<group>"; };
		76F7EBE81AB8933D00F841CC /* LaunchScreen.xib */ = {isa = PBXFileReference; fileEncoding = 4; lastKnownFileType = file.xib; path = LaunchScreen.xib; sourceTree = "<group>"; };
/* End PBXFileReference section */

/* Begin PBXFrameworksBuildPhase section */
		7683ED6D1A8134B0005EC836 /* Frameworks */ = {
			isa = PBXFrameworksBuildPhase;
			buildActionMask = 2147483647;
			files = (
			);
			runOnlyForDeploymentPostprocessing = 0;
		};
		7683ED861A8134B0005EC836 /* Frameworks */ = {
			isa = PBXFrameworksBuildPhase;
			buildActionMask = 2147483647;
			files = (
			);
			runOnlyForDeploymentPostprocessing = 0;
		};
/* End PBXFrameworksBuildPhase section */

/* Begin PBXGroup section */
		7683ED671A8134AF005EC836 = {
			isa = PBXGroup;
			children = (
				7683ED721A8134B0005EC836 /* sweetRoll */,
				7683ED8C1A8134B0005EC836 /* sweetRollTests */,
				7683ED711A8134B0005EC836 /* Products */,
			);
			sourceTree = "<group>";
		};
		7683ED711A8134B0005EC836 /* Products */ = {
			isa = PBXGroup;
			children = (
				7683ED701A8134B0005EC836 /* Parse Team.app */,
				7683ED891A8134B0005EC836 /* Parse Team.xctest */,
			);
			name = Products;
			sourceTree = "<group>";
		};
		7683ED721A8134B0005EC836 /* sweetRoll */ = {
			isa = PBXGroup;
			children = (
				76F7EB781AB7A2B500F841CC /* Main.storyboard */,
				76F7EB791AB7A2B500F841CC /* sweetRoll@3x.png */,
				76F7EB7A1AB7A2B500F841CC /* sweetRoll@2x.png */,
				76F7EB7B1AB7A2B500F841CC /* numbersForGamersViewController.m */,
				76F7EB7C1AB7A2B500F841CC /* numbersForGamersViewController.h */,
				7683ED771A8134B0005EC836 /* AppDelegate.h */,
				7683ED781A8134B0005EC836 /* AppDelegate.m */,
				7683ED7A1A8134B0005EC836 /* ViewController.h */,
				7683ED7B1A8134B0005EC836 /* ViewController.m */,
				76F7EBE81AB8933D00F841CC /* LaunchScreen.xib */,
				7683ED801A8134B0005EC836 /* Images.xcassets */,
				7683ED731A8134B0005EC836 /* Supporting Files */,
			);
			path = sweetRoll;
			sourceTree = "<group>";
		};
		7683ED731A8134B0005EC836 /* Supporting Files */ = {
			isa = PBXGroup;
			children = (
				7683ED741A8134B0005EC836 /* Info.plist */,
				7683ED751A8134B0005EC836 /* main.m */,
			);
			name = "Supporting Files";
			sourceTree = "<group>";
		};
		7683ED8C1A8134B0005EC836 /* sweetRollTests */ = {
			isa = PBXGroup;
			children = (
				7683ED8F1A8134B0005EC836 /* sweetRollTests.m */,
				7683ED8D1A8134B0005EC836 /* Supporting Files */,
			);
			path = sweetRollTests;
			sourceTree = "<group>";
		};
		7683ED8D1A8134B0005EC836 /* Supporting Files */ = {
			isa = PBXGroup;
			children = (
				7683ED8E1A8134B0005EC836 /* Info.plist */,
			);
			name = "Supporting Files";
			sourceTree = "<group>";
		};
/* End PBXGroup section */

/* Begin PBXNativeTarget section */
		7683ED6F1A8134B0005EC836 /* ParseTeam */ = {
			isa = PBXNativeTarget;
			buildConfigurationList = 7683ED931A8134B0005EC836 /* Build configuration list for PBXNativeTarget "ParseTeam" */;
			buildPhases = (
				7683ED6C1A8134B0005EC836 /* Sources */,
				7683ED6D1A8134B0005EC836 /* Frameworks */,
				7683ED6E1A8134B0005EC836 /* Resources */,
			);
			buildRules = (
			);
			dependencies = (
			);
			name = ParseTeam;
			productName = sweetRoll;
			productReference = 7683ED701A8134B0005EC836 /* Parse Team.app */;
			productType = "com.apple.product-type.application";
		};
		7683ED881A8134B0005EC836 /* ParseTeamTests */ = {
			isa = PBXNativeTarget;
			buildConfigurationList = 7683ED961A8134B0005EC836 /* Build configuration list for PBXNativeTarget "ParseTeamTests" */;
			buildPhases = (
				7683ED851A8134B0005EC836 /* Sources */,
				7683ED861A8134B0005EC836 /* Frameworks */,
				7683ED871A8134B0005EC836 /* Resources */,
			);
			buildRules = (
			);
			dependencies = (
				7683ED8B1A8134B0005EC836 /* PBXTargetDependency */,
			);
			name = ParseTeamTests;
			productName = sweetRollTests;
			productReference = 7683ED891A8134B0005EC836 /* Parse Team.xctest */;
			productType = "com.apple.product-type.bundle.unit-test";
		};
/* End PBXNativeTarget section */

/* Begin PBXProject section */
		7683ED681A8134AF005EC836 /* Project object */ = {
			isa = PBXProject;
			attributes = {
				LastUpgradeCheck = 0610;
				ORGANIZATIONNAME = glitterofhyad;
				TargetAttributes = {
					7683ED6F1A8134B0005EC836 = {
						CreatedOnToolsVersion = 6.1.1;
						DevelopmentTeam = 4AW3ZWSN4J;
					};
					7683ED881A8134B0005EC836 = {
						CreatedOnToolsVersion = 6.1.1;
						TestTargetID = 7683ED6F1A8134B0005EC836;
					};
				};
			};
			buildConfigurationList = 7683ED6B1A8134B0005EC836 /* Build configuration list for PBXProject "ParseTeam" */;
			compatibilityVersion = "Xcode 3.2";
			developmentRegion = English;
			hasScannedForEncodings = 0;
			knownRegions = (
				en,
				Base,
			);
			mainGroup = 7683ED671A8134AF005EC836;
			productRefGroup = 7683ED711A8134B0005EC836 /* Products */;
			projectDirPath = "";
			projectRoot = "";
			targets = (
				7683ED6F1A8134B0005EC836 /* ParseTeam */,
				7683ED881A8134B0005EC836 /* ParseTeamTests */,
			);
		};
/* End PBXProject section */

/* Begin PBXResourcesBuildPhase section */
		7683ED6E1A8134B0005EC836 /* Resources */ = {
			isa = PBXResourcesBuildPhase;
			buildActionMask = 2147483647;
			files = (
				76F7EBE91AB8933D00F841CC /* LaunchScreen.xib in Resources */,
				76F7EB7E1AB7A2B500F841CC /* sweetRoll@3x.png in Resources */,
				7683ED811A8134B0005EC836 /* Images.xcassets in Resources */,
				76F7EB7F1AB7A2B500F841CC /* sweetRoll@2x.png in Resources */,
				76F7EB7D1AB7A2B500F841CC /* Main.storyboard in Resources */,
			);
			runOnlyForDeploymentPostprocessing = 0;
		};
		7683ED871A8134B0005EC836 /* Resources */ = {
			isa = PBXResourcesBuildPhase;
			buildActionMask = 2147483647;
			files = (
			);
			runOnlyForDeploymentPostprocessing = 0;
		};
/* End PBXResourcesBuildPhase section */

/* Begin PBXSourcesBuildPhase section */
		7683ED6C1A8134B0005EC836 /* Sources */ = {
			isa = PBXSourcesBuildPhase;
			buildActionMask = 2147483647;
			files = (
				76F7EB801AB7A2B500F841CC /* numbersForGamersViewController.m in Sources */,
				7683ED7C1A8134B0005EC836 /* ViewController.m in Sources */,
				7683ED791A8134B0005EC836 /* AppDelegate.m in Sources */,
				7683ED761A8134B0005EC836 /* main.m in Sources */,
			);
			runOnlyForDeploymentPostprocessing = 0;
		};
		7683ED851A8134B0005EC836 /* Sources */ = {
			isa = PBXSourcesBuildPhase;
			buildActionMask = 2147483647;
			files = (
				7683ED901A8134B0005EC836 /* sweetRollTests.m in Sources */,
			);
			runOnlyForDeploymentPostprocessing = 0;
		};
/* End PBXSourcesBuildPhase section */

/* Begin PBXTargetDependency section */
		7683ED8B1A8134B0005EC836 /* PBXTargetDependency */ = {
			isa = PBXTargetDependency;
			target = 7683ED6F1A8134B0005EC836 /* ParseTeam */;
			targetProxy = 7683ED8A1A8134B0005EC836 /* PBXContainerItemProxy */;
		};
/* End PBXTargetDependency section */

/* Begin XCBuildConfiguration section */
		7683ED911A8134B0005EC836 /* Debug */ = {
			isa = XCBuildConfiguration;
			buildSettings = {
				ALWAYS_SEARCH_USER_PATHS = NO;
				CLANG_CXX_LANGUAGE_STANDARD = "gnu++0x";
				CLANG_CXX_LIBRARY = "libc++";
				CLANG_ENABLE_MODULES = YES;
				CLANG_ENABLE_OBJC_ARC = YES;
				CLANG_WARN_BOOL_CONVERSION = YES;
				CLANG_WARN_CONSTANT_CONVERSION = YES;
				CLANG_WARN_DIRECT_OBJC_ISA_USAGE = YES_ERROR;
				CLANG_WARN_EMPTY_BODY = YES;
				CLANG_WARN_ENUM_CONVERSION = YES;
				CLANG_WARN_INT_CONVERSION = YES;
				CLANG_WARN_OBJC_ROOT_CLASS = YES_ERROR;
				CLANG_WARN_UNREACHABLE_CODE = YES;
				CLANG_WARN__DUPLICATE_METHOD_MATCH = YES;
				"CODE_SIGN_IDENTITY[sdk=iphoneos*]" = "iPhone Developer";
				COPY_PHASE_STRIP = NO;
				ENABLE_STRICT_OBJC_MSGSEND = YES;
				GCC_C_LANGUAGE_STANDARD = gnu99;
				GCC_DYNAMIC_NO_PIC = NO;
				GCC_OPTIMIZATION_LEVEL = 0;
				GCC_PREPROCESSOR_DEFINITIONS = (
					"DEBUG=1",
					"$(inherited)",
				);
				GCC_SYMBOLS_PRIVATE_EXTERN = NO;
				GCC_WARN_64_TO_32_BIT_CONVERSION = YES;
				GCC_WARN_ABOUT_RETURN_TYPE = YES_ERROR;
				GCC_WARN_UNDECLARED_SELECTOR = YES;
				GCC_WARN_UNINITIALIZED_AUTOS = YES_AGGRESSIVE;
				GCC_WARN_UNUSED_FUNCTION = YES;
				GCC_WARN_UNUSED_VARIABLE = YES;
				IPHONEOS_DEPLOYMENT_TARGET = 8.2;
				MTL_ENABLE_DEBUG_INFO = YES;
				ONLY_ACTIVE_ARCH = YES;
				SDKROOT = iphoneos;
			};
			name = Debug;
		};
		7683ED921A8134B0005EC836 /* Release */ = {
			isa = XCBuildConfiguration;
			buildSettings = {
				ALWAYS_SEARCH_USER_PATHS = NO;
				CLANG_CXX_LANGUAGE_STANDARD = "gnu++0x";
				CLANG_CXX_LIBRARY = "libc++";
				CLANG_ENABLE_MODULES = YES;
				CLANG_ENABLE_OBJC_ARC = YES;
				CLANG_WARN_BOOL_CONVERSION = YES;
				CLANG_WARN_CONSTANT_CONVERSION = YES;
				CLANG_WARN_DIRECT_OBJC_ISA_USAGE = YES_ERROR;
				CLANG_WARN_EMPTY_BODY = YES;
				CLANG_WARN_ENUM_CONVERSION = YES;
				CLANG_WARN_INT_CONVERSION = YES;
				CLANG_WARN_OBJC_ROOT_CLASS = YES_ERROR;
				CLANG_WARN_UNREACHABLE_CODE = YES;
				CLANG_WARN__DUPLICATE_METHOD_MATCH = YES;
				CODE_SIGN_IDENTITY = "iPhone Distribution";
				"CODE_SIGN_IDENTITY[sdk=iphoneos*]" = "iPhone Distribution";
				COPY_PHASE_STRIP = YES;
				ENABLE_NS_ASSERTIONS = NO;
				ENABLE_STRICT_OBJC_MSGSEND = YES;
				GCC_C_LANGUAGE_STANDARD = gnu99;
				GCC_WARN_64_TO_32_BIT_CONVERSION = YES;
				GCC_WARN_ABOUT_RETURN_TYPE = YES_ERROR;
				GCC_WARN_UNDECLARED_SELECTOR = YES;
				GCC_WARN_UNINITIALIZED_AUTOS = YES_AGGRESSIVE;
				GCC_WARN_UNUSED_FUNCTION = YES;
				GCC_WARN_UNUSED_VARIABLE = YES;
				IPHONEOS_DEPLOYMENT_TARGET = 8.2;
				MTL_ENABLE_DEBUG_INFO = NO;
				ONLY_ACTIVE_ARCH = YES;
				PROVISIONING_PROFILE = "2305a9f9-39b7-4bd2-846d-61257944b966";
				SDKROOT = iphoneos;
				VALIDATE_PRODUCT = YES;
			};
			name = Release;
		};
		7683ED941A8134B0005EC836 /* Debug */ = {
			isa = XCBuildConfiguration;
			buildSettings = {
				ASSETCATALOG_COMPILER_APPICON_NAME = AppIcon;
				CODE_SIGN_IDENTITY = "iPhone Developer";
				INFOPLIST_FILE = sweetRoll/Info.plist;
				IPHONEOS_DEPLOYMENT_TARGET = 8.2;
				LD_RUNPATH_SEARCH_PATHS = "$(inherited) @executable_path/Frameworks";
				ONLY_ACTIVE_ARCH = YES;
				PRODUCT_NAME = "Parse Team";
				TARGETED_DEVICE_FAMILY = 1;
			};
			name = Debug;
		};
		7683ED951A8134B0005EC836 /* Release */ = {
			isa = XCBuildConfiguration;
			buildSettings = {
				ASSETCATALOG_COMPILER_APPICON_NAME = AppIcon;
				CODE_SIGN_IDENTITY = "iPhone Developer";
				INFOPLIST_FILE = sweetRoll/Info.plist;
				IPHONEOS_DEPLOYMENT_TARGET = 8.2;
				LD_RUNPATH_SEARCH_PATHS = "$(inherited) @executable_path/Frameworks";
				ONLY_ACTIVE_ARCH = NO;
				PRODUCT_NAME = "Parse team";
				TARGETED_DEVICE_FAMILY = 1;
			};
			name = Release;
		};
		7683ED971A8134B0005EC836 /* Debug */ = {
			isa = XCBuildConfiguration;
			buildSettings = {
				BUNDLE_LOADER = "$(TEST_HOST)";
				FRAMEWORK_SEARCH_PATHS = (
					"$(SDKROOT)/Developer/Library/Frameworks",
					"$(inherited)",
				);
				GCC_PREPROCESSOR_DEFINITIONS = (
					"DEBUG=1",
					"$(inherited)",
				);
				INFOPLIST_FILE = sweetRollTests/Info.plist;
				LD_RUNPATH_SEARCH_PATHS = "$(inherited) @executable_path/Frameworks @loader_path/Frameworks";
				PRODUCT_NAME = "Parse Team";
				TEST_HOST = "$(BUILT_PRODUCTS_DIR)/sweetRoll.app/sweetRoll";
			};
			name = Debug;
		};
		7683ED981A8134B0005EC836 /* Release */ = {
			isa = XCBuildConfiguration;
			buildSettings = {
				BUNDLE_LOADER = "$(TEST_HOST)";
				FRAMEWORK_SEARCH_PATHS = (
					"$(SDKROOT)/Developer/Library/Frameworks",
					"$(inherited)",
				);
				INFOPLIST_FILE = sweetRollTests/Info.plist;
				LD_RUNPATH_SEARCH_PATHS = "$(inherited) @executable_path/Frameworks @loader_path/Frameworks";
				PRODUCT_NAME = "Parse team";
				TEST_HOST = "$(BUILT_PRODUCTS_DIR)/sweetRoll.app/sweetRoll";
			};
			name = Release;
		};
/* End XCBuildConfiguration section */

/* Begin XCConfigurationList section */
		7683ED6B1A8134B0005EC836 /* Build configuration list for PBXProject "ParseTeam" */ = {
			isa = XCConfigurationList;
			buildConfigurations = (
				7683ED911A8134B0005EC836 /* Debug */,
				7683ED921A8134B0005EC836 /* Release */,
			);
			defaultConfigurationIsVisible = 0;
			defaultConfigurationName = Release;
		};
		7683ED931A8134B0005EC836 /* Build configuration list for PBXNativeTarget "ParseTeam" */ = {
			isa = XCConfigurationList;
			buildConfigurations = (
				7683ED941A8134B0005EC836 /* Debug */,
				7683ED951A8134B0005EC836 /* Release */,
			);
			defaultConfigurationIsVisible = 0;
			defaultConfigurationName = Release;
		};
		7683ED961A8134B0005EC836 /* Build configuration list for PBXNativeTarget "ParseTeamTests" */ = {
			isa = XCConfigurationList;
			buildConfigurations = (
				7683ED971A8134B0005EC836 /* Debug */,
				7683ED981A8134B0005EC836 /* Release */,
			);
			defaultConfigurationIsVisible = 0;
			defaultConfigurationName = Release;
		};
/* End XCConfigurationList section */
	};
	rootObject = 7683ED681A8134AF005EC836 /* Project object */;
}
